dependencies:
- name: mongodb
  repository: https://charts.bitnami.com/bitnami
  version: 11.1.10
- name: nats
  repository: https://nats-io.github.io/k8s/helm/charts/
  version: 0.17.5
- name: common
  repository: file://../common
  version: 0.1.0
digest: sha256:4f65e1f236a4338596c876e7b2386177b17a70b02d860b331969179d51d7dc5d
generated: "2022-08-18T22:28:26.245414835Z"
